
Microsoft Visual Studio Solution File, Format Version 12.00
# Visual Studio 2013
VisualStudioVersion = 12.0.40629.0
MinimumVisualStudioVersion = 10.0.40219.1
Project("{FAE04EC0-301F-11D3-BF4B-00C04F79EFBC}") = "Alloy.AndAsync", "Alloy.AndAsync\Alloy.AndAsync.csproj", "{8583B114-DC1F-48F6-BFBE-7948BD2BC485}"
EndProject
Global
	GlobalSection(SolutionConfigurationPlatforms) = preSolution
		Debug|Any CPU = Debug|Any CPU
		Release|Any CPU = Release|Any CPU
	EndGlobalSection
	GlobalSection(ProjectConfigurationPlatforms) = postSolution
		{8583B114-DC1F-48F6-BFBE-7948BD2BC485}.Debug|Any CPU.ActiveCfg = Debug|Any CPU
		{8583B114-DC1F-48F6-BFBE-7948BD2BC485}.Debug|Any CPU.Build.0 = Debug|Any CPU
		{8583B114-DC1F-48F6-BFBE-7948BD2BC485}.Release|Any CPU.ActiveCfg = Release|Any CPU
		{8583B114-DC1F-48F6-BFBE-7948BD2BC485}.Release|Any CPU.Build.0 = Release|Any CPU
	EndGlobalSection
	GlobalSection(SolutionProperties) = preSolution
		HideSolutionNode = FALSE
	EndGlobalSection
EndGlobal
